
Microsoft Visual Studio Solution File, Format Version 12.00
# Visual Studio Version 16
VisualStudioVersion = 16.0.31229.75
MinimumVisualStudioVersion = 10.0.40219.1
Project("{9A19103F-16F7-4668-BE54-9A1E7A4F7556}") = "BankSecondApi", "BankSecondApi.csproj", "{541F4EBC-0988-43B9-A442-E35B81B48447}"
EndProject
Global
	GlobalSection(SolutionConfigurationPlatforms) = preSolution
		Debug|Any CPU = Debug|Any CPU
		Release|Any CPU = Release|Any CPU
	EndGlobalSection
	GlobalSection(ProjectConfigurationPlatforms) = postSolution
		{541F4EBC-0988-43B9-A442-E35B81B48447}.Debug|Any CPU.ActiveCfg = Debug|Any CPU
		{541F4EBC-0988-43B9-A442-E35B81B48447}.Debug|Any CPU.Build.0 = Debug|Any CPU
		{541F4EBC-0988-43B9-A442-E35B81B48447}.Release|Any CPU.ActiveCfg = Release|Any CPU
		{541F4EBC-0988-43B9-A442-E35B81B48447}.Release|Any CPU.Build.0 = Release|Any CPU
	EndGlobalSection
	GlobalSection(SolutionProperties) = preSolution
		HideSolutionNode = FALSE
	EndGlobalSection
	GlobalSection(ExtensibilityGlobals) = postSolution
		SolutionGuid = {92E8A6BE-4B1D-4F16-A501-8F08A424105A}
	EndGlobalSection
EndGlobal
